
Microsoft Visual Studio Solution File, Format Version 12.00
# Visual Studio Version 17
VisualStudioVersion = 17.7.34024.191
MinimumVisualStudioVersion = 10.0.40219.1
Project("{FAE04EC0-301F-11D3-BF4B-00C04F79EFBC}") = "ConsoleApp2", "ConsoleApp2\ConsoleApp2.csproj", "{77904933-9B06-4DBB-B86F-E7473A1E12C0}"
EndProject
Global
	GlobalSection(SolutionConfigurationPlatforms) = preSolution
		Debug|Any CPU = Debug|Any CPU
		Release|Any CPU = Release|Any CPU
	EndGlobalSection
	GlobalSection(ProjectConfigurationPlatforms) = postSolution
		{77904933-9B06-4DBB-B86F-E7473A1E12C0}.Debug|Any CPU.ActiveCfg = Debug|Any CPU
		{77904933-9B06-4DBB-B86F-E7473A1E12C0}.Debug|Any CPU.Build.0 = Debug|Any CPU
		{77904933-9B06-4DBB-B86F-E7473A1E12C0}.Release|Any CPU.ActiveCfg = Release|Any CPU
		{77904933-9B06-4DBB-B86F-E7473A1E12C0}.Release|Any CPU.Build.0 = Release|Any CPU
	EndGlobalSection
	GlobalSection(SolutionProperties) = preSolution
		HideSolutionNode = FALSE
	EndGlobalSection
	GlobalSection(ExtensibilityGlobals) = postSolution
		SolutionGuid = {B75063B5-E7AE-49DC-B132-8FCE40E35BA1}
	EndGlobalSection
EndGlobal
